
Microsoft Visual Studio Solution File, Format Version 12.00
# Visual Studio Version 17
VisualStudioVersion = 17.5.33424.131
MinimumVisualStudioVersion = 10.0.40219.1
Project("{FAE04EC0-301F-11D3-BF4B-00C04F79EFBC}") = "ChatGpt", "ChatGpt.csproj", "{B16D39B9-805F-445F-9836-B9A834ACF73E}"
EndProject
Global
	GlobalSection(SolutionConfigurationPlatforms) = preSolution
		Debug|Any CPU = Debug|Any CPU
		Release|Any CPU = Release|Any CPU
	EndGlobalSection
	GlobalSection(ProjectConfigurationPlatforms) = postSolution
		{B16D39B9-805F-445F-9836-B9A834ACF73E}.Debug|Any CPU.ActiveCfg = Debug|Any CPU
		{B16D39B9-805F-445F-9836-B9A834ACF73E}.Debug|Any CPU.Build.0 = Debug|Any CPU
		{B16D39B9-805F-445F-9836-B9A834ACF73E}.Release|Any CPU.ActiveCfg = Release|Any CPU
		{B16D39B9-805F-445F-9836-B9A834ACF73E}.Release|Any CPU.Build.0 = Release|Any CPU
	EndGlobalSection
	GlobalSection(SolutionProperties) = preSolution
		HideSolutionNode = FALSE
	EndGlobalSection
	GlobalSection(ExtensibilityGlobals) = postSolution
		SolutionGuid = {BC453579-68EA-447F-A50D-FAAE78C9BC3A}
	EndGlobalSection
EndGlobal
