
Microsoft Visual Studio Solution File, Format Version 12.00
# Visual Studio Version 17
VisualStudioVersion = 17.5.33530.505
MinimumVisualStudioVersion = 10.0.40219.1
Project("{FAE04EC0-301F-11D3-BF4B-00C04F79EFBC}") = "Singleton", "Singleton.csproj", "{195A66F5-27D7-478E-A7F7-D52509C9A839}"
EndProject
Global
	GlobalSection(SolutionConfigurationPlatforms) = preSolution
		Debug|Any CPU = Debug|Any CPU
		Release|Any CPU = Release|Any CPU
	EndGlobalSection
	GlobalSection(ProjectConfigurationPlatforms) = postSolution
		{195A66F5-27D7-478E-A7F7-D52509C9A839}.Debug|Any CPU.ActiveCfg = Debug|Any CPU
		{195A66F5-27D7-478E-A7F7-D52509C9A839}.Debug|Any CPU.Build.0 = Debug|Any CPU
		{195A66F5-27D7-478E-A7F7-D52509C9A839}.Release|Any CPU.ActiveCfg = Release|Any CPU
		{195A66F5-27D7-478E-A7F7-D52509C9A839}.Release|Any CPU.Build.0 = Release|Any CPU
	EndGlobalSection
	GlobalSection(SolutionProperties) = preSolution
		HideSolutionNode = FALSE
	EndGlobalSection
	GlobalSection(ExtensibilityGlobals) = postSolution
		SolutionGuid = {CC7CD899-14BA-4C3E-8B92-5C48CB34F0F5}
	EndGlobalSection
EndGlobal
