
Microsoft Visual Studio Solution File, Format Version 12.00
# Visual Studio Version 17
VisualStudioVersion = 17.5.33530.505
MinimumVisualStudioVersion = 10.0.40219.1
Project("{FAE04EC0-301F-11D3-BF4B-00C04F79EFBC}") = "Factorry", "Factorry.csproj", "{47CA81EA-459A-49B4-ABC4-F4F3929698B3}"
EndProject
Global
	GlobalSection(SolutionConfigurationPlatforms) = preSolution
		Debug|Any CPU = Debug|Any CPU
		Release|Any CPU = Release|Any CPU
	EndGlobalSection
	GlobalSection(ProjectConfigurationPlatforms) = postSolution
		{47CA81EA-459A-49B4-ABC4-F4F3929698B3}.Debug|Any CPU.ActiveCfg = Debug|Any CPU
		{47CA81EA-459A-49B4-ABC4-F4F3929698B3}.Debug|Any CPU.Build.0 = Debug|Any CPU
		{47CA81EA-459A-49B4-ABC4-F4F3929698B3}.Release|Any CPU.ActiveCfg = Release|Any CPU
		{47CA81EA-459A-49B4-ABC4-F4F3929698B3}.Release|Any CPU.Build.0 = Release|Any CPU
	EndGlobalSection
	GlobalSection(SolutionProperties) = preSolution
		HideSolutionNode = FALSE
	EndGlobalSection
	GlobalSection(ExtensibilityGlobals) = postSolution
		SolutionGuid = {8ADF7E56-D328-46CE-A5FB-D1A9D70241DC}
	EndGlobalSection
EndGlobal
